
Microsoft Visual Studio Solution File, Format Version 12.00
# Visual Studio Version 16
VisualStudioVersion = 16.0.29911.84
MinimumVisualStudioVersion = 10.0.40219.1
Project("{FAE04EC0-301F-11D3-BF4B-00C04F79EFBC}") = "ECommerceApp.UWP", "ECommerceApp\ECommerceApp.UWP\ECommerceApp.UWP.csproj", "{E378EC48-7111-4AA0-9F32-6523B20889D6}"
EndProject
Project("{FAE04EC0-301F-11D3-BF4B-00C04F79EFBC}") = "ECommerceApp.Android", "ECommerceApp\ECommerceApp.Android\ECommerceApp.Android.csproj", "{899F63BF-932E-41FA-9D90-34984810A02C}"
EndProject
Project("{FAE04EC0-301F-11D3-BF4B-00C04F79EFBC}") = "ECommerceApp.iOS", "ECommerceApp\ECommerceApp.iOS\ECommerceApp.iOS.csproj", "{F9F84525-BBD0-411C-9156-B4257277606A}"
EndProject
Project("{FAE04EC0-301F-11D3-BF4B-00C04F79EFBC}") = "ECommerceApp", "ECommerceApp\ECommerceApp\ECommerceApp.csproj", "{24F28AF4-1330-43C3-91FD-5DF0077FDE74}"
EndProject
Global
	GlobalSection(SolutionConfigurationPlatforms) = preSolution
		Debug|Any CPU = Debug|Any CPU
		Debug|ARM = Debug|ARM
		Debug|iPhone = Debug|iPhone
		Debug|iPhoneSimulator = Debug|iPhoneSimulator
		Debug|x64 = Debug|x64
		Debug|x86 = Debug|x86
		Release|Any CPU = Release|Any CPU
		Release|ARM = Release|ARM
		Release|iPhone = Release|iPhone
		Release|iPhoneSimulator = Release|iPhoneSimulator
		Release|x64 = Release|x64
		Release|x86 = Release|x86
	EndGlobalSection
	GlobalSection(ProjectConfigurationPlatforms) = postSolution
		{E378EC48-7111-4AA0-9F32-6523B20889D6}.Debug|Any CPU.ActiveCfg = Debug|x86
		{E378EC48-7111-4AA0-9F32-6523B20889D6}.Debug|Any CPU.Build.0 = Debug|x86
		{E378EC48-7111-4AA0-9F32-6523B20889D6}.Debug|Any CPU.Deploy.0 = Debug|x86
		{E378EC48-7111-4AA0-9F32-6523B20889D6}.Debug|ARM.ActiveCfg = Debug|ARM
		{E378EC48-7111-4AA0-9F32-6523B20889D6}.Debug|ARM.Build.0 = Debug|ARM
		{E378EC48-7111-4AA0-9F32-6523B20889D6}.Debug|ARM.Deploy.0 = Debug|ARM
		{E378EC48-7111-4AA0-9F32-6523B20889D6}.Debug|iPhone.ActiveCfg = Debug|x86
		{E378EC48-7111-4AA0-9F32-6523B20889D6}.Debug|iPhone.Build.0 = Debug|x86
		{E378EC48-7111-4AA0-9F32-6523B20889D6}.Debug|iPhone.Deploy.0 = Debug|x86
		{E378EC48-7111-4AA0-9F32-6523B20889D6}.Debug|iPhoneSimulator.ActiveCfg = Debug|x86
		{E378EC48-7111-4AA0-9F32-6523B20889D6}.Debug|iPhoneSimulator.Build.0 = Debug|x86
		{E378EC48-7111-4AA0-9F32-6523B20889D6}.Debug|iPhoneSimulator.Deploy.0 = Debug|x86
		{E378EC48-7111-4AA0-9F32-6523B20889D6}.Debug|x64.ActiveCfg = Debug|x64
		{E378EC48-7111-4AA0-9F32-6523B20889D6}.Debug|x64.Build.0 = Debug|x64
		{E378EC48-7111-4AA0-9F32-6523B20889D6}.Debug|x64.Deploy.0 = Debug|x64
		{E378EC48-7111-4AA0-9F32-6523B20889D6}.Debug|x86.ActiveCfg = Debug|x86
		{E378EC48-7111-4AA0-9F32-6523B20889D6}.Debug|x86.Build.0 = Debug|x86
		{E378EC48-7111-4AA0-9F32-6523B20889D6}.Debug|x86.Deploy.0 = Debug|x86
		{E378EC48-7111-4AA0-9F32-6523B20889D6}.Release|Any CPU.ActiveCfg = Release|x86
		{E378EC48-7111-4AA0-9F32-6523B20889D6}.Release|Any CPU.Build.0 = Release|x86
		{E378EC48-7111-4AA0-9F32-6523B20889D6}.Release|Any CPU.Deploy.0 = Release|x86
		{E378EC48-7111-4AA0-9F32-6523B20889D6}.Release|ARM.ActiveCfg = Release|ARM
		{E378EC48-7111-4AA0-9F32-6523B20889D6}.Release|ARM.Build.0 = Release|ARM
		{E378EC48-7111-4AA0-9F32-6523B20889D6}.Release|ARM.Deploy.0 = Release|ARM
		{E378EC48-7111-4AA0-9F32-6523B20889D6}.Release|iPhone.ActiveCfg = Release|x86
		{E378EC48-7111-4AA0-9F32-6523B20889D6}.Release|iPhone.Build.0 = Release|x86
		{E378EC48-7111-4AA0-9F32-6523B20889D6}.Release|iPhone.Deploy.0 = Release|x86
		{E378EC48-7111-4AA0-9F32-6523B20889D6}.Release|iPhoneSimulator.ActiveCfg = Release|x86
		{E378EC48-7111-4AA0-9F32-6523B20889D6}.Release|iPhoneSimulator.Build.0 = Release|x86
		{E378EC48-7111-4AA0-9F32-6523B20889D6}.Release|iPhoneSimulator.Deploy.0 = Release|x86
		{E378EC48-7111-4AA0-9F32-6523B20889D6}.Release|x64.ActiveCfg = Release|x64
		{E378EC48-7111-4AA0-9F32-6523B20889D6}.Release|x64.Build.0 = Release|x64
		{E378EC48-7111-4AA0-9F32-6523B20889D6}.Release|x64.Deploy.0 = Release|x64
		{E378EC48-7111-4AA0-9F32-6523B20889D6}.Release|x86.ActiveCfg = Release|x86
		{E378EC48-7111-4AA0-9F32-6523B20889D6}.Release|x86.Build.0 = Release|x86
		{E378EC48-7111-4AA0-9F32-6523B20889D6}.Release|x86.Deploy.0 = Release|x86
		{899F63BF-932E-41FA-9D90-34984810A02C}.Debug|Any CPU.ActiveCfg = Debug|Any CPU
		{899F63BF-932E-41FA-9D90-34984810A02C}.Debug|Any CPU.Build.0 = Debug|Any CPU
		{899F63BF-932E-41FA-9D90-34984810A02C}.Debug|Any CPU.Deploy.0 = Debug|Any CPU
		{899F63BF-932E-41FA-9D90-34984810A02C}.Debug|ARM.ActiveCfg = Debug|Any CPU
		{899F63BF-932E-41FA-9D90-34984810A02C}.Debug|ARM.Build.0 = Debug|Any CPU
		{899F63BF-932E-41FA-9D90-34984810A02C}.Debug|ARM.Deploy.0 = Debug|Any CPU
		{899F63BF-932E-41FA-9D90-34984810A02C}.Debug|iPhone.ActiveCfg = Debug|Any CPU
		{899F63BF-932E-41FA-9D90-34984810A02C}.Debug|iPhone.Build.0 = Debug|Any CPU
		{899F63BF-932E-41FA-9D90-34984810A02C}.Debug|iPhone.Deploy.0 = Debug|Any CPU
		{899F63BF-932E-41FA-9D90-34984810A02C}.Debug|iPhoneSimulator.ActiveCfg = Debug|Any CPU
		{899F63BF-932E-41FA-9D90-34984810A02C}.Debug|iPhoneSimulator.Build.0 = Debug|Any CPU
		{899F63BF-932E-41FA-9D90-34984810A02C}.Debug|iPhoneSimulator.Deploy.0 = Debug|Any CPU
		{899F63BF-932E-41FA-9D90-34984810A02C}.Debug|x64.ActiveCfg = Debug|Any CPU
		{899F63BF-932E-41FA-9D90-34984810A02C}.Debug|x64.Build.0 = Debug|Any CPU
		{899F63BF-932E-41FA-9D90-34984810A02C}.Debug|x64.Deploy.0 = Debug|Any CPU
		{899F63BF-932E-41FA-9D90-34984810A02C}.Debug|x86.ActiveCfg = Debug|Any CPU
		{899F63BF-932E-41FA-9D90-34984810A02C}.Debug|x86.Build.0 = Debug|Any CPU
		{899F63BF-932E-41FA-9D90-34984810A02C}.Debug|x86.Deploy.0 = Debug|Any CPU
		{899F63BF-932E-41FA-9D90-34984810A02C}.Release|Any CPU.ActiveCfg = Release|Any CPU
		{899F63BF-932E-41FA-9D90-34984810A02C}.Release|Any CPU.Build.0 = Release|Any CPU
		{899F63BF-932E-41FA-9D90-34984810A02C}.Release|Any CPU.Deploy.0 = Release|Any CPU
		{899F63BF-932E-41FA-9D90-34984810A02C}.Release|ARM.ActiveCfg = Release|Any CPU
		{899F63BF-932E-41FA-9D90-34984810A02C}.Release|ARM.Build.0 = Release|Any CPU
		{899F63BF-932E-41FA-9D90-34984810A02C}.Release|ARM.Deploy.0 = Release|Any CPU
		{899F63BF-932E-41FA-9D90-34984810A02C}.Release|iPhone.ActiveCfg = Release|Any CPU
		{899F63BF-932E-41FA-9D90-34984810A02C}.Release|iPhone.Build.0 = Release|Any CPU
		{899F63BF-932E-41FA-9D90-34984810A02C}.Release|iPhone.Deploy.0 = Release|Any CPU
		{899F63BF-932E-41FA-9D90-34984810A02C}.Release|iPhoneSimulator.ActiveCfg = Release|Any CPU
		{899F63BF-932E-41FA-9D90-34984810A02C}.Release|iPhoneSimulator.Build.0 = Release|Any CPU
		{899F63BF-932E-41FA-9D90-34984810A02C}.Release|iPhoneSimulator.Deploy.0 = Release|Any CPU
		{899F63BF-932E-41FA-9D90-34984810A02C}.Release|x64.ActiveCfg = Release|Any CPU
		{899F63BF-932E-41FA-9D90-34984810A02C}.Release|x64.Build.0 = Release|Any CPU
		{899F63BF-932E-41FA-9D90-34984810A02C}.Release|x64.Deploy.0 = Release|Any CPU
		{899F63BF-932E-41FA-9D90-34984810A02C}.Release|x86.ActiveCfg = Release|Any CPU
		{899F63BF-932E-41FA-9D90-34984810A02C}.Release|x86.Build.0 = Release|Any CPU
		{899F63BF-932E-41FA-9D90-34984810A02C}.Release|x86.Deploy.0 = Release|Any CPU
		{F9F84525-BBD0-411C-9156-B4257277606A}.Debug|Any CPU.ActiveCfg = Debug|iPhone
		{F9F84525-BBD0-411C-9156-B4257277606A}.Debug|Any CPU.Build.0 = Debug|iPhone
		{F9F84525-BBD0-411C-9156-B4257277606A}.Debug|Any CPU.Deploy.0 = Debug|iPhone
		{F9F84525-BBD0-411C-9156-B4257277606A}.Debug|ARM.ActiveCfg = Debug|iPhone
		{F9F84525-BBD0-411C-9156-B4257277606A}.Debug|ARM.Build.0 = Debug|iPhone
		{F9F84525-BBD0-411C-9156-B4257277606A}.Debug|ARM.Deploy.0 = Debug|iPhone
		{F9F84525-BBD0-411C-9156-B4257277606A}.Debug|iPhone.ActiveCfg = Debug|iPhone
		{F9F84525-BBD0-411C-9156-B4257277606A}.Debug|iPhone.Build.0 = Debug|iPhone
		{F9F84525-BBD0-411C-9156-B4257277606A}.Debug|iPhone.Deploy.0 = Debug|iPhone
		{F9F84525-BBD0-411C-9156-B4257277606A}.Debug|iPhoneSimulator.ActiveCfg = Debug|iPhoneSimulator
		{F9F84525-BBD0-411C-9156-B4257277606A}.Debug|iPhoneSimulator.Build.0 = Debug|iPhoneSimulator
		{F9F84525-BBD0-411C-9156-B4257277606A}.Debug|iPhoneSimulator.Deploy.0 = Debug|iPhoneSimulator
		{F9F84525-BBD0-411C-9156-B4257277606A}.Debug|x64.ActiveCfg = Debug|iPhone
		{F9F84525-BBD0-411C-9156-B4257277606A}.Debug|x64.Build.0 = Debug|iPhone
		{F9F84525-BBD0-411C-9156-B4257277606A}.Debug|x64.Deploy.0 = Debug|iPhone
		{F9F84525-BBD0-411C-9156-B4257277606A}.Debug|x86.ActiveCfg = Debug|iPhone
		{F9F84525-BBD0-411C-9156-B4257277606A}.Debug|x86.Build.0 = Debug|iPhone
		{F9F84525-BBD0-411C-9156-B4257277606A}.Debug|x86.Deploy.0 = Debug|iPhone
		{F9F84525-BBD0-411C-9156-B4257277606A}.Release|Any CPU.ActiveCfg = Release|iPhone
		{F9F84525-BBD0-411C-9156-B4257277606A}.Release|Any CPU.Build.0 = Release|iPhone
		{F9F84525-BBD0-411C-9156-B4257277606A}.Release|Any CPU.Deploy.0 = Release|iPhone
		{F9F84525-BBD0-411C-9156-B4257277606A}.Release|ARM.ActiveCfg = Release|iPhone
		{F9F84525-BBD0-411C-9156-B4257277606A}.Release|ARM.Build.0 = Release|iPhone
		{F9F84525-BBD0-411C-9156-B4257277606A}.Release|ARM.Deploy.0 = Release|iPhone
		{F9F84525-BBD0-411C-9156-B4257277606A}.Release|iPhone.ActiveCfg = Release|iPhone
		{F9F84525-BBD0-411C-9156-B4257277606A}.Release|iPhone.Build.0 = Release|iPhone
		{F9F84525-BBD0-411C-9156-B4257277606A}.Release|iPhone.Deploy.0 = Release|iPhone
		{F9F84525-BBD0-411C-9156-B4257277606A}.Release|iPhoneSimulator.ActiveCfg = Release|iPhoneSimulator
		{F9F84525-BBD0-411C-9156-B4257277606A}.Release|iPhoneSimulator.Build.0 = Release|iPhoneSimulator
		{F9F84525-BBD0-411C-9156-B4257277606A}.Release|iPhoneSimulator.Deploy.0 = Release|iPhoneSimulator
		{F9F84525-BBD0-411C-9156-B4257277606A}.Release|x64.ActiveCfg = Release|iPhone
		{F9F84525-BBD0-411C-9156-B4257277606A}.Release|x64.Build.0 = Release|iPhone
		{F9F84525-BBD0-411C-9156-B4257277606A}.Release|x64.Deploy.0 = Release|iPhone
		{F9F84525-BBD0-411C-9156-B4257277606A}.Release|x86.ActiveCfg = Release|iPhone
		{F9F84525-BBD0-411C-9156-B4257277606A}.Release|x86.Build.0 = Release|iPhone
		{F9F84525-BBD0-411C-9156-B4257277606A}.Release|x86.Deploy.0 = Release|iPhone
		{24F28AF4-1330-43C3-91FD-5DF0077FDE74}.Debug|Any CPU.ActiveCfg = Debug|Any CPU
		{24F28AF4-1330-43C3-91FD-5DF0077FDE74}.Debug|Any CPU.Build.0 = Debug|Any CPU
		{24F28AF4-1330-43C3-91FD-5DF0077FDE74}.Debug|Any CPU.Deploy.0 = Debug|Any CPU
		{24F28AF4-1330-43C3-91FD-5DF0077FDE74}.Debug|ARM.ActiveCfg = Debug|Any CPU
		{24F28AF4-1330-43C3-91FD-5DF0077FDE74}.Debug|ARM.Build.0 = Debug|Any CPU
		{24F28AF4-1330-43C3-91FD-5DF0077FDE74}.Debug|ARM.Deploy.0 = Debug|Any CPU
		{24F28AF4-1330-43C3-91FD-5DF0077FDE74}.Debug|iPhone.ActiveCfg = Debug|Any CPU
		{24F28AF4-1330-43C3-91FD-5DF0077FDE74}.Debug|iPhone.Build.0 = Debug|Any CPU
		{24F28AF4-1330-43C3-91FD-5DF0077FDE74}.Debug|iPhone.Deploy.0 = Debug|Any CPU
		{24F28AF4-1330-43C3-91FD-5DF0077FDE74}.Debug|iPhoneSimulator.ActiveCfg = Debug|Any CPU
		{24F28AF4-1330-43C3-91FD-5DF0077FDE74}.Debug|iPhoneSimulator.Build.0 = Debug|Any CPU
		{24F28AF4-1330-43C3-91FD-5DF0077FDE74}.Debug|iPhoneSimulator.Deploy.0 = Debug|Any CPU
		{24F28AF4-1330-43C3-91FD-5DF0077FDE74}.Debug|x64.ActiveCfg = Debug|Any CPU
		{24F28AF4-1330-43C3-91FD-5DF0077FDE74}.Debug|x64.Build.0 = Debug|Any CPU
		{24F28AF4-1330-43C3-91FD-5DF0077FDE74}.Debug|x64.Deploy.0 = Debug|Any CPU
		{24F28AF4-1330-43C3-91FD-5DF0077FDE74}.Debug|x86.ActiveCfg = Debug|Any CPU
		{24F28AF4-1330-43C3-91FD-5DF0077FDE74}.Debug|x86.Build.0 = Debug|Any CPU
		{24F28AF4-1330-43C3-91FD-5DF0077FDE74}.Debug|x86.Deploy.0 = Debug|Any CPU
		{24F28AF4-1330-43C3-91FD-5DF0077FDE74}.Release|Any CPU.ActiveCfg = Release|Any CPU
		{24F28AF4-1330-43C3-91FD-5DF0077FDE74}.Release|Any CPU.Build.0 = Release|Any CPU
		{24F28AF4-1330-43C3-91FD-5DF0077FDE74}.Release|Any CPU.Deploy.0 = Release|Any CPU
		{24F28AF4-1330-43C3-91FD-5DF0077FDE74}.Release|ARM.ActiveCfg = Release|Any CPU
		{24F28AF4-1330-43C3-91FD-5DF0077FDE74}.Release|ARM.Build.0 = Release|Any CPU
		{24F28AF4-1330-43C3-91FD-5DF0077FDE74}.Release|ARM.Deploy.0 = Release|Any CPU
		{24F28AF4-1330-43C3-91FD-5DF0077FDE74}.Release|iPhone.ActiveCfg = Release|Any CPU
		{24F28AF4-1330-43C3-91FD-5DF0077FDE74}.Release|iPhone.Build.0 = Release|Any CPU
		{24F28AF4-1330-43C3-91FD-5DF0077FDE74}.Release|iPhone.Deploy.0 = Release|Any CPU
		{24F28AF4-1330-43C3-91FD-5DF0077FDE74}.Release|iPhoneSimulator.ActiveCfg = Release|Any CPU
		{24F28AF4-1330-43C3-91FD-5DF0077FDE74}.Release|iPhoneSimulator.Build.0 = Release|Any CPU
		{24F28AF4-1330-43C3-91FD-5DF0077FDE74}.Release|iPhoneSimulator.Deploy.0 = Release|Any CPU
		{24F28AF4-1330-43C3-91FD-5DF0077FDE74}.Release|x64.ActiveCfg = Release|Any CPU
		{24F28AF4-1330-43C3-91FD-5DF0077FDE74}.Release|x64.Build.0 = Release|Any CPU
		{24F28AF4-1330-43C3-91FD-5DF0077FDE74}.Release|x64.Deploy.0 = Release|Any CPU
		{24F28AF4-1330-43C3-91FD-5DF0077FDE74}.Release|x86.ActiveCfg = Release|Any CPU
		{24F28AF4-1330-43C3-91FD-5DF0077FDE74}.Release|x86.Build.0 = Release|Any CPU
		{24F28AF4-1330-43C3-91FD-5DF0077FDE74}.Release|x86.Deploy.0 = Release|Any CPU
	EndGlobalSection
	GlobalSection(SolutionProperties) = preSolution
		HideSolutionNode = FALSE
	EndGlobalSection
	GlobalSection(ExtensibilityGlobals) = postSolution
		SolutionGuid = {48209665-4EA0-4BA2-B00E-1FDF9E39CFA6}
	EndGlobalSection
EndGlobal
